<?xml version="1.0" encoding="utf-8"?>
<Project ToolsVersion="17.0" xmlns="http://schemas.microsoft.com/developer/msbuild/2003">
  <ItemGroup>
    <ClCompile Include="C:\Users\4864241\source\repos\programming\programming\NewRes2\laba2.cpp">
      <Filter>Source Files</Filter>
    </ClCompile>
  </ItemGroup>
  <ItemGroup>
    <CustomBuild Include="C:\Users\4864241\source\repos\programming\programming\NewRes2\CMakeLists.txt" />
  </ItemGroup>
  <ItemGroup>
    <Filter Include="Source Files">
      <UniqueIdentifier>{1A450BA8-AE6D-3475-AC0C-AA37453EBC59}</UniqueIdentifier>
    </Filter>
  </ItemGroup>
</Project>
